
Microsoft Visual Studio Solution File, Format Version 12.00
# Visual Studio Version 16
VisualStudioVersion = 16.0.28729.10
MinimumVisualStudioVersion = 10.0.40219.1
Project("{FAE04EC0-301F-11D3-BF4B-00C04F79EFBC}") = "primer-kol", "primer-kol\primer-kol.csproj", "{10E31CC1-5792-44B7-A5DD-4C7ABECC526D}"
EndProject
Global
	GlobalSection(SolutionConfigurationPlatforms) = preSolution
		Debug|Any CPU = Debug|Any CPU
		Release|Any CPU = Release|Any CPU
	EndGlobalSection
	GlobalSection(ProjectConfigurationPlatforms) = postSolution
		{10E31CC1-5792-44B7-A5DD-4C7ABECC526D}.Debug|Any CPU.ActiveCfg = Debug|Any CPU
		{10E31CC1-5792-44B7-A5DD-4C7ABECC526D}.Debug|Any CPU.Build.0 = Debug|Any CPU
		{10E31CC1-5792-44B7-A5DD-4C7ABECC526D}.Release|Any CPU.ActiveCfg = Release|Any CPU
		{10E31CC1-5792-44B7-A5DD-4C7ABECC526D}.Release|Any CPU.Build.0 = Release|Any CPU
	EndGlobalSection
	GlobalSection(SolutionProperties) = preSolution
		HideSolutionNode = FALSE
	EndGlobalSection
	GlobalSection(ExtensibilityGlobals) = postSolution
		SolutionGuid = {667C0304-C504-47BC-8E5B-C3387E660166}
	EndGlobalSection
EndGlobal
