
Microsoft Visual Studio Solution File, Format Version 12.00
# Visual Studio 15
VisualStudioVersion = 15.0.28307.168
MinimumVisualStudioVersion = 10.0.40219.1
Project("{FAE04EC0-301F-11D3-BF4B-00C04F79EFBC}") = "Lab11", "Lab11\Lab11.csproj", "{D16A90DC-B325-4198-9A12-3586B4782330}"
EndProject
Global
	GlobalSection(SolutionConfigurationPlatforms) = preSolution
		Debug|Any CPU = Debug|Any CPU
		Release|Any CPU = Release|Any CPU
	EndGlobalSection
	GlobalSection(ProjectConfigurationPlatforms) = postSolution
		{D16A90DC-B325-4198-9A12-3586B4782330}.Debug|Any CPU.ActiveCfg = Debug|Any CPU
		{D16A90DC-B325-4198-9A12-3586B4782330}.Debug|Any CPU.Build.0 = Debug|Any CPU
		{D16A90DC-B325-4198-9A12-3586B4782330}.Release|Any CPU.ActiveCfg = Release|Any CPU
		{D16A90DC-B325-4198-9A12-3586B4782330}.Release|Any CPU.Build.0 = Release|Any CPU
	EndGlobalSection
	GlobalSection(SolutionProperties) = preSolution
		HideSolutionNode = FALSE
	EndGlobalSection
	GlobalSection(ExtensibilityGlobals) = postSolution
		SolutionGuid = {8CFD1717-6AD4-4AF6-8C4B-91B60F28EF64}
	EndGlobalSection
EndGlobal
